# THIS IS AN AUTOGENERATED FILE. DO NOT EDIT THIS FILE DIRECTLY.
# yarn lockfile v1


async@~0.2.6:
  version "0.2.10"
  resolved "https://registry.yarnpkg.com/async/-/async-0.2.10.tgz#b6bbe0b0674b9d719708ca38de8c237cb526c3d1"

concat-files@^0.1.1:
  version "0.1.1"
  resolved "https://registry.yarnpkg.com/concat-files/-/concat-files-0.1.1.tgz#7016ae60278ba3f6b0b561368fa211160e556db5"
  dependencies:
    async "~0.2.6"

junk@^2.1.0:
  version "2.1.0"
  resolved "https://registry.yarnpkg.com/junk/-/junk-2.1.0.tgz#f431b4b7f072dc500a5f10ce7f4ec71930e70134"
